
Microsoft Visual Studio Solution File, Format Version 12.00
# Visual Studio Version 17
VisualStudioVersion = 17.0.31903.59
MinimumVisualStudioVersion = 10.0.40219.1
Project("{FAE04EC0-301F-11D3-BF4B-00C04F79EFBC}") = "stryker-test", "stryker-test\stryker-test.csproj", "{1FD29EAA-652A-4C44-BABF-719A92CC339D}"
EndProject
Project("{FAE04EC0-301F-11D3-BF4B-00C04F79EFBC}") = "stryker.tests", "stryker.tests\stryker.tests.csproj", "{DCE89088-4041-4A79-B558-0EA607E6D14B}"
EndProject
Global
	GlobalSection(SolutionConfigurationPlatforms) = preSolution
		Debug|Any CPU = Debug|Any CPU
		Release|Any CPU = Release|Any CPU
	EndGlobalSection
	GlobalSection(SolutionProperties) = preSolution
		HideSolutionNode = FALSE
	EndGlobalSection
	GlobalSection(ProjectConfigurationPlatforms) = postSolution
		{1FD29EAA-652A-4C44-BABF-719A92CC339D}.Debug|Any CPU.ActiveCfg = Debug|Any CPU
		{1FD29EAA-652A-4C44-BABF-719A92CC339D}.Debug|Any CPU.Build.0 = Debug|Any CPU
		{1FD29EAA-652A-4C44-BABF-719A92CC339D}.Release|Any CPU.ActiveCfg = Release|Any CPU
		{1FD29EAA-652A-4C44-BABF-719A92CC339D}.Release|Any CPU.Build.0 = Release|Any CPU
		{DCE89088-4041-4A79-B558-0EA607E6D14B}.Debug|Any CPU.ActiveCfg = Debug|Any CPU
		{DCE89088-4041-4A79-B558-0EA607E6D14B}.Debug|Any CPU.Build.0 = Debug|Any CPU
		{DCE89088-4041-4A79-B558-0EA607E6D14B}.Release|Any CPU.ActiveCfg = Release|Any CPU
		{DCE89088-4041-4A79-B558-0EA607E6D14B}.Release|Any CPU.Build.0 = Release|Any CPU
	EndGlobalSection
EndGlobal
